
Microsoft Visual Studio Solution File, Format Version 12.00
# Visual Studio Version 17
VisualStudioVersion = 17.1.32421.90
MinimumVisualStudioVersion = 10.0.40219.1
Project("{9A19103F-16F7-4668-BE54-9A1E7A4F7556}") = "LinkteraEgitim.RazorApp", "LinkteraEgitim.RazorApp\LinkteraEgitim.RazorApp.csproj", "{02DC95F6-1695-45BD-BFE1-7F224E69566A}"
EndProject
Global
	GlobalSection(SolutionConfigurationPlatforms) = preSolution
		Debug|Any CPU = Debug|Any CPU
		Release|Any CPU = Release|Any CPU
	EndGlobalSection
	GlobalSection(ProjectConfigurationPlatforms) = postSolution
		{02DC95F6-1695-45BD-BFE1-7F224E69566A}.Debug|Any CPU.ActiveCfg = Debug|Any CPU
		{02DC95F6-1695-45BD-BFE1-7F224E69566A}.Debug|Any CPU.Build.0 = Debug|Any CPU
		{02DC95F6-1695-45BD-BFE1-7F224E69566A}.Release|Any CPU.ActiveCfg = Release|Any CPU
		{02DC95F6-1695-45BD-BFE1-7F224E69566A}.Release|Any CPU.Build.0 = Release|Any CPU
	EndGlobalSection
	GlobalSection(SolutionProperties) = preSolution
		HideSolutionNode = FALSE
	EndGlobalSection
	GlobalSection(ExtensibilityGlobals) = postSolution
		SolutionGuid = {155F33B9-7585-4586-B92F-54E33CFAC5FB}
	EndGlobalSection
EndGlobal
